
Microsoft Visual Studio Solution File, Format Version 12.00
# Visual Studio 15
VisualStudioVersion = 15.0.28307.271
MinimumVisualStudioVersion = 10.0.40219.1
Project("{FAE04EC0-301F-11D3-BF4B-00C04F79EFBC}") = "CurrencyConverter", "CurrencyConverter\CurrencyConverter.csproj", "{03DA2589-7BD2-47E6-B877-D8CE6B649E59}"
EndProject
Global
	GlobalSection(SolutionConfigurationPlatforms) = preSolution
		Debug|Any CPU = Debug|Any CPU
		Release|Any CPU = Release|Any CPU
	EndGlobalSection
	GlobalSection(ProjectConfigurationPlatforms) = postSolution
		{03DA2589-7BD2-47E6-B877-D8CE6B649E59}.Debug|Any CPU.ActiveCfg = Debug|Any CPU
		{03DA2589-7BD2-47E6-B877-D8CE6B649E59}.Debug|Any CPU.Build.0 = Debug|Any CPU
		{03DA2589-7BD2-47E6-B877-D8CE6B649E59}.Release|Any CPU.ActiveCfg = Release|Any CPU
		{03DA2589-7BD2-47E6-B877-D8CE6B649E59}.Release|Any CPU.Build.0 = Release|Any CPU
	EndGlobalSection
	GlobalSection(SolutionProperties) = preSolution
		HideSolutionNode = FALSE
	EndGlobalSection
	GlobalSection(ExtensibilityGlobals) = postSolution
		SolutionGuid = {DD09A229-6B23-4CF7-85AC-51F8D9B64BB8}
	EndGlobalSection
EndGlobal
